
Microsoft Visual Studio Solution File, Format Version 12.00
# Visual Studio 14
VisualStudioVersion = 14.0.25420.1
MinimumVisualStudioVersion = 10.0.40219.1
Project("{FAE04EC0-301F-11D3-BF4B-00C04F79EFBC}") = "GeoLocalizacionEx02", "GeoLocalizacionEx02\GeoLocalizacionEx02.csproj", "{2AFCCCB7-DB50-4174-89ED-BA113863EF24}"
EndProject
Project("{FAE04EC0-301F-11D3-BF4B-00C04F79EFBC}") = "cConexion", "cConexion\cConexion.csproj", "{37F25401-C75B-4BF2-9D02-C9BE8ED4E3CC}"
EndProject
Project("{FAE04EC0-301F-11D3-BF4B-00C04F79EFBC}") = "cEntidades", "cEntidades\cEntidades.csproj", "{88BC522E-8A11-41FC-959D-2786D380D792}"
EndProject
Global
	GlobalSection(SolutionConfigurationPlatforms) = preSolution
		Debug|Any CPU = Debug|Any CPU
		Release|Any CPU = Release|Any CPU
	EndGlobalSection
	GlobalSection(ProjectConfigurationPlatforms) = postSolution
		{2AFCCCB7-DB50-4174-89ED-BA113863EF24}.Debug|Any CPU.ActiveCfg = Debug|Any CPU
		{2AFCCCB7-DB50-4174-89ED-BA113863EF24}.Debug|Any CPU.Build.0 = Debug|Any CPU
		{2AFCCCB7-DB50-4174-89ED-BA113863EF24}.Release|Any CPU.ActiveCfg = Release|Any CPU
		{2AFCCCB7-DB50-4174-89ED-BA113863EF24}.Release|Any CPU.Build.0 = Release|Any CPU
		{37F25401-C75B-4BF2-9D02-C9BE8ED4E3CC}.Debug|Any CPU.ActiveCfg = Debug|Any CPU
		{37F25401-C75B-4BF2-9D02-C9BE8ED4E3CC}.Debug|Any CPU.Build.0 = Debug|Any CPU
		{37F25401-C75B-4BF2-9D02-C9BE8ED4E3CC}.Release|Any CPU.ActiveCfg = Release|Any CPU
		{37F25401-C75B-4BF2-9D02-C9BE8ED4E3CC}.Release|Any CPU.Build.0 = Release|Any CPU
		{88BC522E-8A11-41FC-959D-2786D380D792}.Debug|Any CPU.ActiveCfg = Debug|Any CPU
		{88BC522E-8A11-41FC-959D-2786D380D792}.Debug|Any CPU.Build.0 = Debug|Any CPU
		{88BC522E-8A11-41FC-959D-2786D380D792}.Release|Any CPU.ActiveCfg = Release|Any CPU
		{88BC522E-8A11-41FC-959D-2786D380D792}.Release|Any CPU.Build.0 = Release|Any CPU
	EndGlobalSection
	GlobalSection(SolutionProperties) = preSolution
		HideSolutionNode = FALSE
	EndGlobalSection
EndGlobal
